
Microsoft Visual Studio Solution File, Format Version 12.00
# Visual Studio Version 17
VisualStudioVersion = 17.11.35431.28
MinimumVisualStudioVersion = 10.0.40219.1
Project("{FAE04EC0-301F-11D3-BF4B-00C04F79EFBC}") = "Restaurant POS System", "Restaurant POS System\Restaurant POS System.csproj", "{6C5ED9BD-B16A-47EF-AD64-6423F8A4808B}"
EndProject
Global
	GlobalSection(SolutionConfigurationPlatforms) = preSolution
		Debug|Any CPU = Debug|Any CPU
		Release|Any CPU = Release|Any CPU
	EndGlobalSection
	GlobalSection(ProjectConfigurationPlatforms) = postSolution
		{6C5ED9BD-B16A-47EF-AD64-6423F8A4808B}.Debug|Any CPU.ActiveCfg = Debug|Any CPU
		{6C5ED9BD-B16A-47EF-AD64-6423F8A4808B}.Debug|Any CPU.Build.0 = Debug|Any CPU
		{6C5ED9BD-B16A-47EF-AD64-6423F8A4808B}.Release|Any CPU.ActiveCfg = Release|Any CPU
		{6C5ED9BD-B16A-47EF-AD64-6423F8A4808B}.Release|Any CPU.Build.0 = Release|Any CPU
	EndGlobalSection
	GlobalSection(SolutionProperties) = preSolution
		HideSolutionNode = FALSE
	EndGlobalSection
	GlobalSection(ExtensibilityGlobals) = postSolution
		SolutionGuid = {A077C2AC-28F4-4BE8-BE05-13E85B2CAE52}
	EndGlobalSection
EndGlobal
